
Microsoft Visual Studio Solution File, Format Version 12.00
# Visual Studio Version 16
VisualStudioVersion = 16.0.30413.136
MinimumVisualStudioVersion = 10.0.40219.1
Project("{FAE04EC0-301F-11D3-BF4B-00C04F79EFBC}") = "Labb_3", "Labb_3.csproj", "{6227D2E7-08C7-4DAB-B7CF-2DA4A63C157C}"
EndProject
Global
	GlobalSection(SolutionConfigurationPlatforms) = preSolution
		Debug|Any CPU = Debug|Any CPU
		Release|Any CPU = Release|Any CPU
	EndGlobalSection
	GlobalSection(ProjectConfigurationPlatforms) = postSolution
		{6227D2E7-08C7-4DAB-B7CF-2DA4A63C157C}.Debug|Any CPU.ActiveCfg = Debug|Any CPU
		{6227D2E7-08C7-4DAB-B7CF-2DA4A63C157C}.Debug|Any CPU.Build.0 = Debug|Any CPU
		{6227D2E7-08C7-4DAB-B7CF-2DA4A63C157C}.Release|Any CPU.ActiveCfg = Release|Any CPU
		{6227D2E7-08C7-4DAB-B7CF-2DA4A63C157C}.Release|Any CPU.Build.0 = Release|Any CPU
	EndGlobalSection
	GlobalSection(SolutionProperties) = preSolution
		HideSolutionNode = FALSE
	EndGlobalSection
	GlobalSection(ExtensibilityGlobals) = postSolution
		SolutionGuid = {B98E23F4-DEEB-4E26-9703-C510A75BEF03}
	EndGlobalSection
EndGlobal
